<?xml version="1.0" encoding="utf-8"?>
<Project ToolsVersion="4.0" xmlns="http://schemas.microsoft.com/developer/msbuild/2003">
  <ItemGroup>
    <Filter Include="소스 파일">
      <UniqueIdentifier>{4FC737F1-C7A5-4376-A066-2A32D752A2FF}</UniqueIdentifier>
      <Extensions>cpp;c;cc;cxx;c++;cppm;ixx;def;odl;idl;hpj;bat;asm;asmx</Extensions>
    </Filter>
    <Filter Include="소스 파일\Protocol">
      <UniqueIdentifier>{c0c59e09-5ee4-4c66-9111-b90b06ef459a}</UniqueIdentifier>
    </Filter>
    <Filter Include="소스 파일\Protocol\Proto">
      <UniqueIdentifier>{877d6e1f-e0b6-4af7-a835-9a406b66d791}</UniqueIdentifier>
    </Filter>
  </ItemGroup>
  <ItemGroup>
    <ClCompile Include="DummyClient.cpp">
      <Filter>소스 파일</Filter>
    </ClCompile>
    <ClCompile Include="pch.cpp">
      <Filter>소스 파일</Filter>
    </ClCompile>
    <ClCompile Include="ServerPacketHandler.cpp">
      <Filter>소스 파일</Filter>
    </ClCompile>
    <ClCompile Include="DummyUser.cpp">
      <Filter>소스 파일</Filter>
    </ClCompile>
    <ClCompile Include="GameSession.cpp">
      <Filter>소스 파일</Filter>
    </ClCompile>
    <ClCompile Include="ChatSession.cpp">
      <Filter>소스 파일</Filter>
    </ClCompile>
    <ClCompile Include="Chat.pb.cc">
      <Filter>소스 파일\Protocol</Filter>
    </ClCompile>
    <ClCompile Include="Client.pb.cc">
      <Filter>소스 파일\Protocol</Filter>
    </ClCompile>
    <ClCompile Include="Enum.pb.cc">
      <Filter>소스 파일\Protocol</Filter>
    </ClCompile>
    <ClCompile Include="Game.pb.cc">
      <Filter>소스 파일\Protocol</Filter>
    </ClCompile>
    <ClCompile Include="Login.pb.cc">
      <Filter>소스 파일\Protocol</Filter>
    </ClCompile>
  </ItemGroup>
  <ItemGroup>
    <ClInclude Include="pch.h">
      <Filter>소스 파일</Filter>
    </ClInclude>
    <ClInclude Include="ServerPacketHandler.h">
      <Filter>소스 파일</Filter>
    </ClInclude>
    <ClInclude Include="ChatSession.h">
      <Filter>소스 파일</Filter>
    </ClInclude>
    <ClInclude Include="DummyUser.h">
      <Filter>소스 파일</Filter>
    </ClInclude>
    <ClInclude Include="GameSession.h">
      <Filter>소스 파일</Filter>
    </ClInclude>
    <ClInclude Include="Chat.pb.h">
      <Filter>소스 파일\Protocol</Filter>
    </ClInclude>
    <ClInclude Include="Client.pb.h">
      <Filter>소스 파일\Protocol</Filter>
    </ClInclude>
    <ClInclude Include="Enum.pb.h">
      <Filter>소스 파일\Protocol</Filter>
    </ClInclude>
    <ClInclude Include="Game.pb.h">
      <Filter>소스 파일\Protocol</Filter>
    </ClInclude>
    <ClInclude Include="Login.pb.h">
      <Filter>소스 파일\Protocol</Filter>
    </ClInclude>
  </ItemGroup>
  <ItemGroup>
    <None Include="..\Common\protoc-3.21.12-win64\bin\Enum.proto">
      <Filter>소스 파일\Protocol\Proto</Filter>
    </None>
    <None Include="..\Common\protoc-3.21.12-win64\bin\GenPackets.bat">
      <Filter>소스 파일\Protocol\Proto</Filter>
    </None>
    <None Include="..\Common\protoc-3.21.12-win64\bin\Client.proto">
      <Filter>소스 파일\Protocol\Proto</Filter>
    </None>
    <None Include="..\Common\protoc-3.21.12-win64\bin\Game.proto">
      <Filter>소스 파일\Protocol\Proto</Filter>
    </None>
    <None Include="..\Common\protoc-3.21.12-win64\bin\Login.proto">
      <Filter>소스 파일\Protocol\Proto</Filter>
    </None>
  </ItemGroup>
</Project>